
Microsoft Visual Studio Solution File, Format Version 12.00
# Visual Studio 14
VisualStudioVersion = 14.0.25420.1
MinimumVisualStudioVersion = 10.0.40219.1
Project("{FAE04EC0-301F-11D3-BF4B-00C04F79EFBC}") = "CartolaMais.Droid", "CartolaMais\CartolaMais.Droid\CartolaMais.Droid.csproj", "{AE2731A6-B2AF-4ED2-A5A7-6646968CF630}"
EndProject
Project("{FAE04EC0-301F-11D3-BF4B-00C04F79EFBC}") = "CartolaMais.iOS", "CartolaMais\CartolaMais.iOS\CartolaMais.iOS.csproj", "{40942D64-6431-4F75-9F85-1C8F97AAA26D}"
EndProject
Project("{FAE04EC0-301F-11D3-BF4B-00C04F79EFBC}") = "CartolaMais.UWP", "CartolaMais\CartolaMais.UWP\CartolaMais.UWP.csproj", "{E99ECAAE-F72F-46A9-B87A-CFA6F49285EA}"
EndProject
Project("{FAE04EC0-301F-11D3-BF4B-00C04F79EFBC}") = "CartolaMais", "CartolaMais\CartolaMais\CartolaMais.csproj", "{F66EA0D9-A775-4D1C-B33C-E8A3C1B15CDE}"
EndProject
Global
	GlobalSection(SolutionConfigurationPlatforms) = preSolution
		Ad-Hoc|Any CPU = Ad-Hoc|Any CPU
		Ad-Hoc|ARM = Ad-Hoc|ARM
		Ad-Hoc|iPhone = Ad-Hoc|iPhone
		Ad-Hoc|iPhoneSimulator = Ad-Hoc|iPhoneSimulator
		Ad-Hoc|x64 = Ad-Hoc|x64
		Ad-Hoc|x86 = Ad-Hoc|x86
		AppStore|Any CPU = AppStore|Any CPU
		AppStore|ARM = AppStore|ARM
		AppStore|iPhone = AppStore|iPhone
		AppStore|iPhoneSimulator = AppStore|iPhoneSimulator
		AppStore|x64 = AppStore|x64
		AppStore|x86 = AppStore|x86
		Debug|Any CPU = Debug|Any CPU
		Debug|ARM = Debug|ARM
		Debug|iPhone = Debug|iPhone
		Debug|iPhoneSimulator = Debug|iPhoneSimulator
		Debug|x64 = Debug|x64
		Debug|x86 = Debug|x86
		Release|Any CPU = Release|Any CPU
		Release|ARM = Release|ARM
		Release|iPhone = Release|iPhone
		Release|iPhoneSimulator = Release|iPhoneSimulator
		Release|x64 = Release|x64
		Release|x86 = Release|x86
	EndGlobalSection
	GlobalSection(ProjectConfigurationPlatforms) = postSolution
		{AE2731A6-B2AF-4ED2-A5A7-6646968CF630}.Ad-Hoc|Any CPU.ActiveCfg = Release|Any CPU
		{AE2731A6-B2AF-4ED2-A5A7-6646968CF630}.Ad-Hoc|Any CPU.Build.0 = Release|Any CPU
		{AE2731A6-B2AF-4ED2-A5A7-6646968CF630}.Ad-Hoc|Any CPU.Deploy.0 = Release|Any CPU
		{AE2731A6-B2AF-4ED2-A5A7-6646968CF630}.Ad-Hoc|ARM.ActiveCfg = Release|Any CPU
		{AE2731A6-B2AF-4ED2-A5A7-6646968CF630}.Ad-Hoc|ARM.Build.0 = Release|Any CPU
		{AE2731A6-B2AF-4ED2-A5A7-6646968CF630}.Ad-Hoc|ARM.Deploy.0 = Release|Any CPU
		{AE2731A6-B2AF-4ED2-A5A7-6646968CF630}.Ad-Hoc|iPhone.ActiveCfg = Release|Any CPU
		{AE2731A6-B2AF-4ED2-A5A7-6646968CF630}.Ad-Hoc|iPhone.Build.0 = Release|Any CPU
		{AE2731A6-B2AF-4ED2-A5A7-6646968CF630}.Ad-Hoc|iPhone.Deploy.0 = Release|Any CPU
		{AE2731A6-B2AF-4ED2-A5A7-6646968CF630}.Ad-Hoc|iPhoneSimulator.ActiveCfg = Release|Any CPU
		{AE2731A6-B2AF-4ED2-A5A7-6646968CF630}.Ad-Hoc|iPhoneSimulator.Build.0 = Release|Any CPU
		{AE2731A6-B2AF-4ED2-A5A7-6646968CF630}.Ad-Hoc|iPhoneSimulator.Deploy.0 = Release|Any CPU
		{AE2731A6-B2AF-4ED2-A5A7-6646968CF630}.Ad-Hoc|x64.ActiveCfg = Release|Any CPU
		{AE2731A6-B2AF-4ED2-A5A7-6646968CF630}.Ad-Hoc|x64.Build.0 = Release|Any CPU
		{AE2731A6-B2AF-4ED2-A5A7-6646968CF630}.Ad-Hoc|x64.Deploy.0 = Release|Any CPU
		{AE2731A6-B2AF-4ED2-A5A7-6646968CF630}.Ad-Hoc|x86.ActiveCfg = Release|Any CPU
		{AE2731A6-B2AF-4ED2-A5A7-6646968CF630}.Ad-Hoc|x86.Build.0 = Release|Any CPU
		{AE2731A6-B2AF-4ED2-A5A7-6646968CF630}.Ad-Hoc|x86.Deploy.0 = Release|Any CPU
		{AE2731A6-B2AF-4ED2-A5A7-6646968CF630}.AppStore|Any CPU.ActiveCfg = Release|Any CPU
		{AE2731A6-B2AF-4ED2-A5A7-6646968CF630}.AppStore|Any CPU.Build.0 = Release|Any CPU
		{AE2731A6-B2AF-4ED2-A5A7-6646968CF630}.AppStore|Any CPU.Deploy.0 = Release|Any CPU
		{AE2731A6-B2AF-4ED2-A5A7-6646968CF630}.AppStore|ARM.ActiveCfg = Release|Any CPU
		{AE2731A6-B2AF-4ED2-A5A7-6646968CF630}.AppStore|ARM.Build.0 = Release|Any CPU
		{AE2731A6-B2AF-4ED2-A5A7-6646968CF630}.AppStore|ARM.Deploy.0 = Release|Any CPU
		{AE2731A6-B2AF-4ED2-A5A7-6646968CF630}.AppStore|iPhone.ActiveCfg = Release|Any CPU
		{AE2731A6-B2AF-4ED2-A5A7-6646968CF630}.AppStore|iPhone.Build.0 = Release|Any CPU
		{AE2731A6-B2AF-4ED2-A5A7-6646968CF630}.AppStore|iPhone.Deploy.0 = Release|Any CPU
		{AE2731A6-B2AF-4ED2-A5A7-6646968CF630}.AppStore|iPhoneSimulator.ActiveCfg = Release|Any CPU
		{AE2731A6-B2AF-4ED2-A5A7-6646968CF630}.AppStore|iPhoneSimulator.Build.0 = Release|Any CPU
		{AE2731A6-B2AF-4ED2-A5A7-6646968CF630}.AppStore|iPhoneSimulator.Deploy.0 = Release|Any CPU
		{AE2731A6-B2AF-4ED2-A5A7-6646968CF630}.AppStore|x64.ActiveCfg = Release|Any CPU
		{AE2731A6-B2AF-4ED2-A5A7-6646968CF630}.AppStore|x64.Build.0 = Release|Any CPU
		{AE2731A6-B2AF-4ED2-A5A7-6646968CF630}.AppStore|x64.Deploy.0 = Release|Any CPU
		{AE2731A6-B2AF-4ED2-A5A7-6646968CF630}.AppStore|x86.ActiveCfg = Release|Any CPU
		{AE2731A6-B2AF-4ED2-A5A7-6646968CF630}.AppStore|x86.Build.0 = Release|Any CPU
		{AE2731A6-B2AF-4ED2-A5A7-6646968CF630}.AppStore|x86.Deploy.0 = Release|Any CPU
		{AE2731A6-B2AF-4ED2-A5A7-6646968CF630}.Debug|Any CPU.ActiveCfg = Debug|Any CPU
		{AE2731A6-B2AF-4ED2-A5A7-6646968CF630}.Debug|Any CPU.Build.0 = Debug|Any CPU
		{AE2731A6-B2AF-4ED2-A5A7-6646968CF630}.Debug|Any CPU.Deploy.0 = Debug|Any CPU
		{AE2731A6-B2AF-4ED2-A5A7-6646968CF630}.Debug|ARM.ActiveCfg = Debug|Any CPU
		{AE2731A6-B2AF-4ED2-A5A7-6646968CF630}.Debug|ARM.Build.0 = Debug|Any CPU
		{AE2731A6-B2AF-4ED2-A5A7-6646968CF630}.Debug|ARM.Deploy.0 = Debug|Any CPU
		{AE2731A6-B2AF-4ED2-A5A7-6646968CF630}.Debug|iPhone.ActiveCfg = Debug|Any CPU
		{AE2731A6-B2AF-4ED2-A5A7-6646968CF630}.Debug|iPhone.Build.0 = Debug|Any CPU
		{AE2731A6-B2AF-4ED2-A5A7-6646968CF630}.Debug|iPhone.Deploy.0 = Debug|Any CPU
		{AE2731A6-B2AF-4ED2-A5A7-6646968CF630}.Debug|iPhoneSimulator.ActiveCfg = Debug|Any CPU
		{AE2731A6-B2AF-4ED2-A5A7-6646968CF630}.Debug|iPhoneSimulator.Build.0 = Debug|Any CPU
		{AE2731A6-B2AF-4ED2-A5A7-6646968CF630}.Debug|iPhoneSimulator.Deploy.0 = Debug|Any CPU
		{AE2731A6-B2AF-4ED2-A5A7-6646968CF630}.Debug|x64.ActiveCfg = Debug|Any CPU
		{AE2731A6-B2AF-4ED2-A5A7-6646968CF630}.Debug|x64.Build.0 = Debug|Any CPU
		{AE2731A6-B2AF-4ED2-A5A7-6646968CF630}.Debug|x64.Deploy.0 = Debug|Any CPU
		{AE2731A6-B2AF-4ED2-A5A7-6646968CF630}.Debug|x86.ActiveCfg = Debug|Any CPU
		{AE2731A6-B2AF-4ED2-A5A7-6646968CF630}.Debug|x86.Build.0 = Debug|Any CPU
		{AE2731A6-B2AF-4ED2-A5A7-6646968CF630}.Debug|x86.Deploy.0 = Debug|Any CPU
		{AE2731A6-B2AF-4ED2-A5A7-6646968CF630}.Release|Any CPU.ActiveCfg = Release|Any CPU
		{AE2731A6-B2AF-4ED2-A5A7-6646968CF630}.Release|Any CPU.Build.0 = Release|Any CPU
		{AE2731A6-B2AF-4ED2-A5A7-6646968CF630}.Release|Any CPU.Deploy.0 = Release|Any CPU
		{AE2731A6-B2AF-4ED2-A5A7-6646968CF630}.Release|ARM.ActiveCfg = Release|Any CPU
		{AE2731A6-B2AF-4ED2-A5A7-6646968CF630}.Release|ARM.Build.0 = Release|Any CPU
		{AE2731A6-B2AF-4ED2-A5A7-6646968CF630}.Release|ARM.Deploy.0 = Release|Any CPU
		{AE2731A6-B2AF-4ED2-A5A7-6646968CF630}.Release|iPhone.ActiveCfg = Release|Any CPU
		{AE2731A6-B2AF-4ED2-A5A7-6646968CF630}.Release|iPhone.Build.0 = Release|Any CPU
		{AE2731A6-B2AF-4ED2-A5A7-6646968CF630}.Release|iPhone.Deploy.0 = Release|Any CPU
		{AE2731A6-B2AF-4ED2-A5A7-6646968CF630}.Release|iPhoneSimulator.ActiveCfg = Release|Any CPU
		{AE2731A6-B2AF-4ED2-A5A7-6646968CF630}.Release|iPhoneSimulator.Build.0 = Release|Any CPU
		{AE2731A6-B2AF-4ED2-A5A7-6646968CF630}.Release|iPhoneSimulator.Deploy.0 = Release|Any CPU
		{AE2731A6-B2AF-4ED2-A5A7-6646968CF630}.Release|x64.ActiveCfg = Release|Any CPU
		{AE2731A6-B2AF-4ED2-A5A7-6646968CF630}.Release|x64.Build.0 = Release|Any CPU
		{AE2731A6-B2AF-4ED2-A5A7-6646968CF630}.Release|x64.Deploy.0 = Release|Any CPU
		{AE2731A6-B2AF-4ED2-A5A7-6646968CF630}.Release|x86.ActiveCfg = Release|Any CPU
		{AE2731A6-B2AF-4ED2-A5A7-6646968CF630}.Release|x86.Build.0 = Release|Any CPU
		{AE2731A6-B2AF-4ED2-A5A7-6646968CF630}.Release|x86.Deploy.0 = Release|Any CPU
		{40942D64-6431-4F75-9F85-1C8F97AAA26D}.Ad-Hoc|Any CPU.ActiveCfg = Ad-Hoc|iPhone
		{40942D64-6431-4F75-9F85-1C8F97AAA26D}.Ad-Hoc|ARM.ActiveCfg = Ad-Hoc|iPhone
		{40942D64-6431-4F75-9F85-1C8F97AAA26D}.Ad-Hoc|iPhone.ActiveCfg = Ad-Hoc|iPhone
		{40942D64-6431-4F75-9F85-1C8F97AAA26D}.Ad-Hoc|iPhone.Build.0 = Ad-Hoc|iPhone
		{40942D64-6431-4F75-9F85-1C8F97AAA26D}.Ad-Hoc|iPhoneSimulator.ActiveCfg = Ad-Hoc|iPhoneSimulator
		{40942D64-6431-4F75-9F85-1C8F97AAA26D}.Ad-Hoc|iPhoneSimulator.Build.0 = Ad-Hoc|iPhoneSimulator
		{40942D64-6431-4F75-9F85-1C8F97AAA26D}.Ad-Hoc|x64.ActiveCfg = Ad-Hoc|iPhone
		{40942D64-6431-4F75-9F85-1C8F97AAA26D}.Ad-Hoc|x86.ActiveCfg = Ad-Hoc|iPhone
		{40942D64-6431-4F75-9F85-1C8F97AAA26D}.AppStore|Any CPU.ActiveCfg = AppStore|iPhone
		{40942D64-6431-4F75-9F85-1C8F97AAA26D}.AppStore|ARM.ActiveCfg = AppStore|iPhone
		{40942D64-6431-4F75-9F85-1C8F97AAA26D}.AppStore|iPhone.ActiveCfg = AppStore|iPhone
		{40942D64-6431-4F75-9F85-1C8F97AAA26D}.AppStore|iPhone.Build.0 = AppStore|iPhone
		{40942D64-6431-4F75-9F85-1C8F97AAA26D}.AppStore|iPhoneSimulator.ActiveCfg = AppStore|iPhoneSimulator
		{40942D64-6431-4F75-9F85-1C8F97AAA26D}.AppStore|iPhoneSimulator.Build.0 = AppStore|iPhoneSimulator
		{40942D64-6431-4F75-9F85-1C8F97AAA26D}.AppStore|x64.ActiveCfg = AppStore|iPhone
		{40942D64-6431-4F75-9F85-1C8F97AAA26D}.AppStore|x86.ActiveCfg = AppStore|iPhone
		{40942D64-6431-4F75-9F85-1C8F97AAA26D}.Debug|Any CPU.ActiveCfg = Debug|iPhone
		{40942D64-6431-4F75-9F85-1C8F97AAA26D}.Debug|ARM.ActiveCfg = Debug|iPhone
		{40942D64-6431-4F75-9F85-1C8F97AAA26D}.Debug|iPhone.ActiveCfg = Debug|iPhone
		{40942D64-6431-4F75-9F85-1C8F97AAA26D}.Debug|iPhone.Build.0 = Debug|iPhone
		{40942D64-6431-4F75-9F85-1C8F97AAA26D}.Debug|iPhoneSimulator.ActiveCfg = Debug|iPhoneSimulator
		{40942D64-6431-4F75-9F85-1C8F97AAA26D}.Debug|iPhoneSimulator.Build.0 = Debug|iPhoneSimulator
		{40942D64-6431-4F75-9F85-1C8F97AAA26D}.Debug|x64.ActiveCfg = Debug|iPhone
		{40942D64-6431-4F75-9F85-1C8F97AAA26D}.Debug|x86.ActiveCfg = Debug|iPhone
		{40942D64-6431-4F75-9F85-1C8F97AAA26D}.Release|Any CPU.ActiveCfg = Release|iPhone
		{40942D64-6431-4F75-9F85-1C8F97AAA26D}.Release|ARM.ActiveCfg = Release|iPhone
		{40942D64-6431-4F75-9F85-1C8F97AAA26D}.Release|iPhone.ActiveCfg = Release|iPhone
		{40942D64-6431-4F75-9F85-1C8F97AAA26D}.Release|iPhone.Build.0 = Release|iPhone
		{40942D64-6431-4F75-9F85-1C8F97AAA26D}.Release|iPhoneSimulator.ActiveCfg = Release|iPhoneSimulator
		{40942D64-6431-4F75-9F85-1C8F97AAA26D}.Release|iPhoneSimulator.Build.0 = Release|iPhoneSimulator
		{40942D64-6431-4F75-9F85-1C8F97AAA26D}.Release|x64.ActiveCfg = Release|iPhone
		{40942D64-6431-4F75-9F85-1C8F97AAA26D}.Release|x86.ActiveCfg = Release|iPhone
		{E99ECAAE-F72F-46A9-B87A-CFA6F49285EA}.Ad-Hoc|Any CPU.ActiveCfg = Release|x86
		{E99ECAAE-F72F-46A9-B87A-CFA6F49285EA}.Ad-Hoc|Any CPU.Build.0 = Release|x86
		{E99ECAAE-F72F-46A9-B87A-CFA6F49285EA}.Ad-Hoc|Any CPU.Deploy.0 = Release|x86
		{E99ECAAE-F72F-46A9-B87A-CFA6F49285EA}.Ad-Hoc|ARM.ActiveCfg = Release|ARM
		{E99ECAAE-F72F-46A9-B87A-CFA6F49285EA}.Ad-Hoc|ARM.Build.0 = Release|ARM
		{E99ECAAE-F72F-46A9-B87A-CFA6F49285EA}.Ad-Hoc|ARM.Deploy.0 = Release|ARM
		{E99ECAAE-F72F-46A9-B87A-CFA6F49285EA}.Ad-Hoc|iPhone.ActiveCfg = Release|x86
		{E99ECAAE-F72F-46A9-B87A-CFA6F49285EA}.Ad-Hoc|iPhone.Build.0 = Release|x86
		{E99ECAAE-F72F-46A9-B87A-CFA6F49285EA}.Ad-Hoc|iPhone.Deploy.0 = Release|x86
		{E99ECAAE-F72F-46A9-B87A-CFA6F49285EA}.Ad-Hoc|iPhoneSimulator.ActiveCfg = Release|x86
		{E99ECAAE-F72F-46A9-B87A-CFA6F49285EA}.Ad-Hoc|iPhoneSimulator.Build.0 = Release|x86
		{E99ECAAE-F72F-46A9-B87A-CFA6F49285EA}.Ad-Hoc|iPhoneSimulator.Deploy.0 = Release|x86
		{E99ECAAE-F72F-46A9-B87A-CFA6F49285EA}.Ad-Hoc|x64.ActiveCfg = Release|x64
		{E99ECAAE-F72F-46A9-B87A-CFA6F49285EA}.Ad-Hoc|x64.Build.0 = Release|x64
		{E99ECAAE-F72F-46A9-B87A-CFA6F49285EA}.Ad-Hoc|x64.Deploy.0 = Release|x64
		{E99ECAAE-F72F-46A9-B87A-CFA6F49285EA}.Ad-Hoc|x86.ActiveCfg = Release|x86
		{E99ECAAE-F72F-46A9-B87A-CFA6F49285EA}.Ad-Hoc|x86.Build.0 = Release|x86
		{E99ECAAE-F72F-46A9-B87A-CFA6F49285EA}.Ad-Hoc|x86.Deploy.0 = Release|x86
		{E99ECAAE-F72F-46A9-B87A-CFA6F49285EA}.AppStore|Any CPU.ActiveCfg = Release|x86
		{E99ECAAE-F72F-46A9-B87A-CFA6F49285EA}.AppStore|Any CPU.Build.0 = Release|x86
		{E99ECAAE-F72F-46A9-B87A-CFA6F49285EA}.AppStore|Any CPU.Deploy.0 = Release|x86
		{E99ECAAE-F72F-46A9-B87A-CFA6F49285EA}.AppStore|ARM.ActiveCfg = Release|ARM
		{E99ECAAE-F72F-46A9-B87A-CFA6F49285EA}.AppStore|ARM.Build.0 = Release|ARM
		{E99ECAAE-F72F-46A9-B87A-CFA6F49285EA}.AppStore|ARM.Deploy.0 = Release|ARM
		{E99ECAAE-F72F-46A9-B87A-CFA6F49285EA}.AppStore|iPhone.ActiveCfg = Release|x86
		{E99ECAAE-F72F-46A9-B87A-CFA6F49285EA}.AppStore|iPhone.Build.0 = Release|x86
		{E99ECAAE-F72F-46A9-B87A-CFA6F49285EA}.AppStore|iPhone.Deploy.0 = Release|x86
		{E99ECAAE-F72F-46A9-B87A-CFA6F49285EA}.AppStore|iPhoneSimulator.ActiveCfg = Release|x86
		{E99ECAAE-F72F-46A9-B87A-CFA6F49285EA}.AppStore|iPhoneSimulator.Build.0 = Release|x86
		{E99ECAAE-F72F-46A9-B87A-CFA6F49285EA}.AppStore|iPhoneSimulator.Deploy.0 = Release|x86
		{E99ECAAE-F72F-46A9-B87A-CFA6F49285EA}.AppStore|x64.ActiveCfg = Release|x64
		{E99ECAAE-F72F-46A9-B87A-CFA6F49285EA}.AppStore|x64.Build.0 = Release|x64
		{E99ECAAE-F72F-46A9-B87A-CFA6F49285EA}.AppStore|x64.Deploy.0 = Release|x64
		{E99ECAAE-F72F-46A9-B87A-CFA6F49285EA}.AppStore|x86.ActiveCfg = Release|x86
		{E99ECAAE-F72F-46A9-B87A-CFA6F49285EA}.AppStore|x86.Build.0 = Release|x86
		{E99ECAAE-F72F-46A9-B87A-CFA6F49285EA}.AppStore|x86.Deploy.0 = Release|x86
		{E99ECAAE-F72F-46A9-B87A-CFA6F49285EA}.Debug|Any CPU.ActiveCfg = Debug|x86
		{E99ECAAE-F72F-46A9-B87A-CFA6F49285EA}.Debug|ARM.ActiveCfg = Debug|ARM
		{E99ECAAE-F72F-46A9-B87A-CFA6F49285EA}.Debug|ARM.Build.0 = Debug|ARM
		{E99ECAAE-F72F-46A9-B87A-CFA6F49285EA}.Debug|ARM.Deploy.0 = Debug|ARM
		{E99ECAAE-F72F-46A9-B87A-CFA6F49285EA}.Debug|iPhone.ActiveCfg = Debug|x86
		{E99ECAAE-F72F-46A9-B87A-CFA6F49285EA}.Debug|iPhoneSimulator.ActiveCfg = Debug|x86
		{E99ECAAE-F72F-46A9-B87A-CFA6F49285EA}.Debug|x64.ActiveCfg = Debug|x64
		{E99ECAAE-F72F-46A9-B87A-CFA6F49285EA}.Debug|x64.Build.0 = Debug|x64
		{E99ECAAE-F72F-46A9-B87A-CFA6F49285EA}.Debug|x64.Deploy.0 = Debug|x64
		{E99ECAAE-F72F-46A9-B87A-CFA6F49285EA}.Debug|x86.ActiveCfg = Debug|x86
		{E99ECAAE-F72F-46A9-B87A-CFA6F49285EA}.Debug|x86.Build.0 = Debug|x86
		{E99ECAAE-F72F-46A9-B87A-CFA6F49285EA}.Debug|x86.Deploy.0 = Debug|x86
		{E99ECAAE-F72F-46A9-B87A-CFA6F49285EA}.Release|Any CPU.ActiveCfg = Release|x86
		{E99ECAAE-F72F-46A9-B87A-CFA6F49285EA}.Release|ARM.ActiveCfg = Release|ARM
		{E99ECAAE-F72F-46A9-B87A-CFA6F49285EA}.Release|ARM.Build.0 = Release|ARM
		{E99ECAAE-F72F-46A9-B87A-CFA6F49285EA}.Release|ARM.Deploy.0 = Release|ARM
		{E99ECAAE-F72F-46A9-B87A-CFA6F49285EA}.Release|iPhone.ActiveCfg = Release|x86
		{E99ECAAE-F72F-46A9-B87A-CFA6F49285EA}.Release|iPhoneSimulator.ActiveCfg = Release|x86
		{E99ECAAE-F72F-46A9-B87A-CFA6F49285EA}.Release|x64.ActiveCfg = Release|x64
		{E99ECAAE-F72F-46A9-B87A-CFA6F49285EA}.Release|x64.Build.0 = Release|x64
		{E99ECAAE-F72F-46A9-B87A-CFA6F49285EA}.Release|x64.Deploy.0 = Release|x64
		{E99ECAAE-F72F-46A9-B87A-CFA6F49285EA}.Release|x86.ActiveCfg = Release|x86
		{E99ECAAE-F72F-46A9-B87A-CFA6F49285EA}.Release|x86.Build.0 = Release|x86
		{E99ECAAE-F72F-46A9-B87A-CFA6F49285EA}.Release|x86.Deploy.0 = Release|x86
		{F66EA0D9-A775-4D1C-B33C-E8A3C1B15CDE}.Ad-Hoc|Any CPU.ActiveCfg = Release|Any CPU
		{F66EA0D9-A775-4D1C-B33C-E8A3C1B15CDE}.Ad-Hoc|Any CPU.Build.0 = Release|Any CPU
		{F66EA0D9-A775-4D1C-B33C-E8A3C1B15CDE}.Ad-Hoc|ARM.ActiveCfg = Release|Any CPU
		{F66EA0D9-A775-4D1C-B33C-E8A3C1B15CDE}.Ad-Hoc|ARM.Build.0 = Release|Any CPU
		{F66EA0D9-A775-4D1C-B33C-E8A3C1B15CDE}.Ad-Hoc|iPhone.ActiveCfg = Release|Any CPU
		{F66EA0D9-A775-4D1C-B33C-E8A3C1B15CDE}.Ad-Hoc|iPhone.Build.0 = Release|Any CPU
		{F66EA0D9-A775-4D1C-B33C-E8A3C1B15CDE}.Ad-Hoc|iPhoneSimulator.ActiveCfg = Release|Any CPU
		{F66EA0D9-A775-4D1C-B33C-E8A3C1B15CDE}.Ad-Hoc|iPhoneSimulator.Build.0 = Release|Any CPU
		{F66EA0D9-A775-4D1C-B33C-E8A3C1B15CDE}.Ad-Hoc|x64.ActiveCfg = Release|Any CPU
		{F66EA0D9-A775-4D1C-B33C-E8A3C1B15CDE}.Ad-Hoc|x64.Build.0 = Release|Any CPU
		{F66EA0D9-A775-4D1C-B33C-E8A3C1B15CDE}.Ad-Hoc|x86.ActiveCfg = Release|Any CPU
		{F66EA0D9-A775-4D1C-B33C-E8A3C1B15CDE}.Ad-Hoc|x86.Build.0 = Release|Any CPU
		{F66EA0D9-A775-4D1C-B33C-E8A3C1B15CDE}.AppStore|Any CPU.ActiveCfg = Release|Any CPU
		{F66EA0D9-A775-4D1C-B33C-E8A3C1B15CDE}.AppStore|Any CPU.Build.0 = Release|Any CPU
		{F66EA0D9-A775-4D1C-B33C-E8A3C1B15CDE}.AppStore|ARM.ActiveCfg = Release|Any CPU
		{F66EA0D9-A775-4D1C-B33C-E8A3C1B15CDE}.AppStore|ARM.Build.0 = Release|Any CPU
		{F66EA0D9-A775-4D1C-B33C-E8A3C1B15CDE}.AppStore|iPhone.ActiveCfg = Release|Any CPU
		{F66EA0D9-A775-4D1C-B33C-E8A3C1B15CDE}.AppStore|iPhone.Build.0 = Release|Any CPU
		{F66EA0D9-A775-4D1C-B33C-E8A3C1B15CDE}.AppStore|iPhoneSimulator.ActiveCfg = Release|Any CPU
		{F66EA0D9-A775-4D1C-B33C-E8A3C1B15CDE}.AppStore|iPhoneSimulator.Build.0 = Release|Any CPU
		{F66EA0D9-A775-4D1C-B33C-E8A3C1B15CDE}.AppStore|x64.ActiveCfg = Release|Any CPU
		{F66EA0D9-A775-4D1C-B33C-E8A3C1B15CDE}.AppStore|x64.Build.0 = Release|Any CPU
		{F66EA0D9-A775-4D1C-B33C-E8A3C1B15CDE}.AppStore|x86.ActiveCfg = Release|Any CPU
		{F66EA0D9-A775-4D1C-B33C-E8A3C1B15CDE}.AppStore|x86.Build.0 = Release|Any CPU
		{F66EA0D9-A775-4D1C-B33C-E8A3C1B15CDE}.Debug|Any CPU.ActiveCfg = Debug|Any CPU
		{F66EA0D9-A775-4D1C-B33C-E8A3C1B15CDE}.Debug|Any CPU.Build.0 = Debug|Any CPU
		{F66EA0D9-A775-4D1C-B33C-E8A3C1B15CDE}.Debug|ARM.ActiveCfg = Debug|Any CPU
		{F66EA0D9-A775-4D1C-B33C-E8A3C1B15CDE}.Debug|ARM.Build.0 = Debug|Any CPU
		{F66EA0D9-A775-4D1C-B33C-E8A3C1B15CDE}.Debug|iPhone.ActiveCfg = Debug|Any CPU
		{F66EA0D9-A775-4D1C-B33C-E8A3C1B15CDE}.Debug|iPhone.Build.0 = Debug|Any CPU
		{F66EA0D9-A775-4D1C-B33C-E8A3C1B15CDE}.Debug|iPhoneSimulator.ActiveCfg = Debug|Any CPU
		{F66EA0D9-A775-4D1C-B33C-E8A3C1B15CDE}.Debug|iPhoneSimulator.Build.0 = Debug|Any CPU
		{F66EA0D9-A775-4D1C-B33C-E8A3C1B15CDE}.Debug|x64.ActiveCfg = Debug|Any CPU
		{F66EA0D9-A775-4D1C-B33C-E8A3C1B15CDE}.Debug|x64.Build.0 = Debug|Any CPU
		{F66EA0D9-A775-4D1C-B33C-E8A3C1B15CDE}.Debug|x86.ActiveCfg = Debug|Any CPU
		{F66EA0D9-A775-4D1C-B33C-E8A3C1B15CDE}.Debug|x86.Build.0 = Debug|Any CPU
		{F66EA0D9-A775-4D1C-B33C-E8A3C1B15CDE}.Release|Any CPU.ActiveCfg = Release|Any CPU
		{F66EA0D9-A775-4D1C-B33C-E8A3C1B15CDE}.Release|Any CPU.Build.0 = Release|Any CPU
		{F66EA0D9-A775-4D1C-B33C-E8A3C1B15CDE}.Release|ARM.ActiveCfg = Release|Any CPU
		{F66EA0D9-A775-4D1C-B33C-E8A3C1B15CDE}.Release|ARM.Build.0 = Release|Any CPU
		{F66EA0D9-A775-4D1C-B33C-E8A3C1B15CDE}.Release|iPhone.ActiveCfg = Release|Any CPU
		{F66EA0D9-A775-4D1C-B33C-E8A3C1B15CDE}.Release|iPhone.Build.0 = Release|Any CPU
		{F66EA0D9-A775-4D1C-B33C-E8A3C1B15CDE}.Release|iPhoneSimulator.ActiveCfg = Release|Any CPU
		{F66EA0D9-A775-4D1C-B33C-E8A3C1B15CDE}.Release|iPhoneSimulator.Build.0 = Release|Any CPU
		{F66EA0D9-A775-4D1C-B33C-E8A3C1B15CDE}.Release|x64.ActiveCfg = Release|Any CPU
		{F66EA0D9-A775-4D1C-B33C-E8A3C1B15CDE}.Release|x64.Build.0 = Release|Any CPU
		{F66EA0D9-A775-4D1C-B33C-E8A3C1B15CDE}.Release|x86.ActiveCfg = Release|Any CPU
		{F66EA0D9-A775-4D1C-B33C-E8A3C1B15CDE}.Release|x86.Build.0 = Release|Any CPU
	EndGlobalSection
	GlobalSection(SolutionProperties) = preSolution
		HideSolutionNode = FALSE
	EndGlobalSection
EndGlobal
